{
  "name": "WRKT-0410",
  "version": "1.1.0",
  "lockfileVersion": 1,
  "requires": true,
  "dependencies": {
    "activity-segment": {
      "version": "1.0.1",
      "resolved": "https://registry.npmjs.org/activity-segment/-/activity-segment-1.0.1.tgz",
      "integrity": "sha512-1T09vk1PNElGeRlX35wBMX9pUvEw+02ttAaAGDMQfcZGgdqknZg0FR2VheryHAqzwJFKh4g2IJ15RnmCb+dPYw==",
      "requires": {
        "moment": "2.19.3",
        "object-utils-2": "1.0.0",
        "pad-left": "2.1.0"
      },
      "dependencies": {
        "moment": {
          "version": "2.19.3",
          "resolved": "https://registry.npmjs.org/moment/-/moment-2.19.3.tgz",
          "integrity": "sha1-vbmdJw1tf9p4zA+6zoVeJ/59pp8="
        }
      }
    },
    "object-utils-2": {
      "version": "1.0.0",
      "resolved": "https://registry.npmjs.org/object-utils-2/-/object-utils-2-1.0.0.tgz",
      "integrity": "sha512-kDrGPAQSozC4u8WEC0TDu/EMAM+v/KCzCqrtgO66uhjXDTBkNF//oq5ivgV4x5XsNCg/q0mx7W1D0QHKPThn0Q=="
    },
    "pad-left": {
      "version": "2.1.0",
      "resolved": "https://registry.npmjs.org/pad-left/-/pad-left-2.1.0.tgz",
      "integrity": "sha1-FuajstRKjhOMsIOMx8tAOk/J6ZQ=",
      "requires": {
        "repeat-string": "1.6.1"
      }
    },
    "repeat-string": {
      "version": "1.6.1",
      "resolved": "https://registry.npmjs.org/repeat-string/-/repeat-string-1.6.1.tgz",
      "integrity": "sha1-jcrkcOHIirwtYA//Sndihtp15jc="
    }
  }
}
